
Microsoft Visual Studio Solution File, Format Version 12.00
# Visual Studio Version 17
VisualStudioVersion = 17.1.32319.34
MinimumVisualStudioVersion = 10.0.40219.1
Project("{9A19103F-16F7-4668-BE54-9A1E7A4F7556}") = "ProjectsHub.Data", "ProjectsHub.Data\ProjectsHub.Data.csproj", "{25528036-AA82-4AA3-A289-18443AC4E6EF}"
	ProjectSection(ProjectDependencies) = postProject
		{59F53116-98D9-4C7D-8517-DAE60B72AC12} = {59F53116-98D9-4C7D-8517-DAE60B72AC12}
	EndProjectSection
EndProject
Project("{2150E333-8FDC-42A3-9474-1A3956D46DE8}") = "Solution Items", "Solution Items", "{9D88F695-E248-4C06-B321-E106594DE0FA}"
	ProjectSection(SolutionItems) = preProject
		.dockerignore = .dockerignore
		.editorconfig = .editorconfig
		Dockerfile = Dockerfile
	EndProjectSection
EndProject
Project("{9A19103F-16F7-4668-BE54-9A1E7A4F7556}") = "ProjectsHub.API", "ProjectsHub.API\ProjectsHub.API.csproj", "{2989DA50-81CF-4D90-B0F1-D5A04E2C570A}"
	ProjectSection(ProjectDependencies) = postProject
		{59F53116-98D9-4C7D-8517-DAE60B72AC12} = {59F53116-98D9-4C7D-8517-DAE60B72AC12}
	EndProjectSection
EndProject
Project("{9A19103F-16F7-4668-BE54-9A1E7A4F7556}") = "ProjectsHub.Model", "ProjectsHub.Model\ProjectsHub.Model.csproj", "{755BCC70-1A0C-41CB-9601-AE6144E9FE15}"
EndProject
Project("{9A19103F-16F7-4668-BE54-9A1E7A4F7556}") = "ProjectsHub.Core", "Core\ProjectsHub.Core.csproj", "{59F53116-98D9-4C7D-8517-DAE60B72AC12}"
<<<<<<< HEAD
	ProjectSection(ProjectDependencies) = postProject
		{755BCC70-1A0C-41CB-9601-AE6144E9FE15} = {755BCC70-1A0C-41CB-9601-AE6144E9FE15}
	EndProjectSection
=======
>>>>>>> 011f4fe68d2b52388d7d6c22d654a754e1bdd676
EndProject
Global
	GlobalSection(SolutionConfigurationPlatforms) = preSolution
		Debug|Any CPU = Debug|Any CPU
		Release|Any CPU = Release|Any CPU
	EndGlobalSection
	GlobalSection(ProjectConfigurationPlatforms) = postSolution
		{25528036-AA82-4AA3-A289-18443AC4E6EF}.Debug|Any CPU.ActiveCfg = Debug|Any CPU
		{25528036-AA82-4AA3-A289-18443AC4E6EF}.Debug|Any CPU.Build.0 = Debug|Any CPU
		{25528036-AA82-4AA3-A289-18443AC4E6EF}.Release|Any CPU.ActiveCfg = Release|Any CPU
		{25528036-AA82-4AA3-A289-18443AC4E6EF}.Release|Any CPU.Build.0 = Release|Any CPU
		{2989DA50-81CF-4D90-B0F1-D5A04E2C570A}.Debug|Any CPU.ActiveCfg = Debug|Any CPU
		{2989DA50-81CF-4D90-B0F1-D5A04E2C570A}.Debug|Any CPU.Build.0 = Debug|Any CPU
		{2989DA50-81CF-4D90-B0F1-D5A04E2C570A}.Release|Any CPU.ActiveCfg = Release|Any CPU
		{2989DA50-81CF-4D90-B0F1-D5A04E2C570A}.Release|Any CPU.Build.0 = Release|Any CPU
		{755BCC70-1A0C-41CB-9601-AE6144E9FE15}.Debug|Any CPU.ActiveCfg = Debug|Any CPU
		{755BCC70-1A0C-41CB-9601-AE6144E9FE15}.Debug|Any CPU.Build.0 = Debug|Any CPU
		{755BCC70-1A0C-41CB-9601-AE6144E9FE15}.Release|Any CPU.ActiveCfg = Release|Any CPU
		{755BCC70-1A0C-41CB-9601-AE6144E9FE15}.Release|Any CPU.Build.0 = Release|Any CPU
		{59F53116-98D9-4C7D-8517-DAE60B72AC12}.Debug|Any CPU.ActiveCfg = Debug|Any CPU
		{59F53116-98D9-4C7D-8517-DAE60B72AC12}.Debug|Any CPU.Build.0 = Debug|Any CPU
		{59F53116-98D9-4C7D-8517-DAE60B72AC12}.Release|Any CPU.ActiveCfg = Release|Any CPU
		{59F53116-98D9-4C7D-8517-DAE60B72AC12}.Release|Any CPU.Build.0 = Release|Any CPU
	EndGlobalSection
	GlobalSection(SolutionProperties) = preSolution
		HideSolutionNode = FALSE
	EndGlobalSection
	GlobalSection(ExtensibilityGlobals) = postSolution
		SolutionGuid = {C0C87DF7-5456-4428-84B7-787B48D00D73}
	EndGlobalSection
EndGlobal
